{
  "nodes": {
    "crane": {
      "locked": {
        "lastModified": 1763938834,
        "narHash": "sha256-j8iB0Yr4zAvQLueCZ5abxfk6fnG/SJ5JnGUziETjwfg=",
        "owner": "ipetkov",
        "repo": "crane",
        "rev": "d9e753122e51cee64eb8d2dddfe11148f339f5a2",
        "type": "github"
      },
      "original": {
        "owner": "ipetkov",
        "repo": "crane",
        "type": "github"
      }
    },
    "deploy-rs": {
      "inputs": {
        "flake-compat": "flake-compat",
        "nixpkgs": [
          "nixpkgs"
        ],
        "utils": "utils"
      },
      "locked": {
        "lastModified": 1762286984,
        "narHash": "sha256-9I2H9x5We6Pl+DBYHjR1s3UT8wgwcpAH03kn9CqtdQc=",
        "owner": "serokell",
        "repo": "deploy-rs",
        "rev": "9c870f63e28ec1e83305f7f6cb73c941e699f74f",
        "type": "github"
      },
      "original": {
        "owner": "serokell",
        "repo": "deploy-rs",
        "type": "github"
      }
    },
    "flake-compat": {
      "flake": false,
      "locked": {
        "lastModified": 1733328505,
        "narHash": "sha256-NeCCThCEP3eCl2l/+27kNNK7QrwZB1IJCrXfrbv5oqU=",
        "owner": "edolstra",
        "repo": "flake-compat",
        "rev": "ff81ac966bb2cae68946d5ed5fc4994f96d0ffec",
        "type": "github"
      },
      "original": {
        "owner": "edolstra",
        "repo": "flake-compat",
        "type": "github"
      }
    },
    "flake-compat_2": {
      "flake": false,
      "locked": {
        "lastModified": 1761588595,
        "narHash": "sha256-XKUZz9zewJNUj46b4AJdiRZJAvSZ0Dqj2BNfXvFlJC4=",
        "owner": "edolstra",
        "repo": "flake-compat",
        "rev": "f387cd2afec9419c8ee37694406ca490c3f34ee5",
        "type": "github"
      },
      "original": {
        "owner": "edolstra",
        "repo": "flake-compat",
        "type": "github"
      }
    },
    "flake-compat_3": {
      "flake": false,
      "locked": {
        "lastModified": 1747046372,
        "narHash": "sha256-CIVLLkVgvHYbgI2UpXvIIBJ12HWgX+fjA8Xf8PUmqCY=",
        "owner": "edolstra",
        "repo": "flake-compat",
        "rev": "9100a0f413b0c601e0533d1d94ffd501ce2e7885",
        "type": "github"
      },
      "original": {
        "owner": "edolstra",
        "repo": "flake-compat",
        "type": "github"
      }
    },
    "flake-parts": {
      "inputs": {
        "nixpkgs-lib": [
          "nixpkgs"
        ]
      },
      "locked": {
        "lastModified": 1763759067,
        "narHash": "sha256-LlLt2Jo/gMNYAwOgdRQBrsRoOz7BPRkzvNaI/fzXi2Q=",
        "owner": "hercules-ci",
        "repo": "flake-parts",
        "rev": "2cccadc7357c0ba201788ae99c4dfa90728ef5e0",
        "type": "github"
      },
      "original": {
        "owner": "hercules-ci",
        "repo": "flake-parts",
        "type": "github"
      }
    },
    "flake-parts_2": {
      "inputs": {
        "nixpkgs-lib": "nixpkgs-lib"
      },
      "locked": {
        "lastModified": 1763759067,
        "narHash": "sha256-LlLt2Jo/gMNYAwOgdRQBrsRoOz7BPRkzvNaI/fzXi2Q=",
        "owner": "hercules-ci",
        "repo": "flake-parts",
        "rev": "2cccadc7357c0ba201788ae99c4dfa90728ef5e0",
        "type": "github"
      },
      "original": {
        "owner": "hercules-ci",
        "repo": "flake-parts",
        "type": "github"
      }
    },
    "flake-parts_3": {
      "inputs": {
        "nixpkgs-lib": "nixpkgs-lib_2"
      },
      "locked": {
        "lastModified": 1762980239,
        "narHash": "sha256-8oNVE8TrD19ulHinjaqONf9QWCKK+w4url56cdStMpM=",
        "owner": "hercules-ci",
        "repo": "flake-parts",
        "rev": "52a2caecc898d0b46b2b905f058ccc5081f842da",
        "type": "github"
      },
      "original": {
        "owner": "hercules-ci",
        "repo": "flake-parts",
        "type": "github"
      }
    },
    "flake-parts_4": {
      "inputs": {
        "nixpkgs-lib": "nixpkgs-lib_3"
      },
      "locked": {
        "lastModified": 1762040540,
        "narHash": "sha256-z5PlZ47j50VNF3R+IMS9LmzI5fYRGY/Z5O5tol1c9I4=",
        "owner": "hercules-ci",
        "repo": "flake-parts",
        "rev": "0010412d62a25d959151790968765a70c436598b",
        "type": "github"
      },
      "original": {
        "owner": "hercules-ci",
        "repo": "flake-parts",
        "type": "github"
      }
    },
    "gitignore": {
      "inputs": {
        "nixpkgs": [
          "vaultix",
          "pre-commit-hooks",
          "nixpkgs"
        ]
      },
      "locked": {
        "lastModified": 1709087332,
        "narHash": "sha256-HG2cCnktfHsKV0s4XW83gU3F57gaTljL9KNSuG6bnQs=",
        "owner": "hercules-ci",
        "repo": "gitignore.nix",
        "rev": "637db329424fd7e46cf4185293b9cc8c88c95394",
        "type": "github"
      },
      "original": {
        "owner": "hercules-ci",
        "repo": "gitignore.nix",
        "type": "github"
      }
    },
    "home-manager": {
      "inputs": {
        "nixpkgs": [
          "nixpkgs"
        ]
      },
      "locked": {
        "lastModified": 1764544324,
        "narHash": "sha256-GVBGjO7UsmzLrlOJV8NlKSxukHaHencrJqWkCA6FkqI=",
        "owner": "nix-community",
        "repo": "home-manager",
        "rev": "e4e25a8c310fa45f2a8339c7972dc43d2845a612",
        "type": "github"
      },
      "original": {
        "owner": "nix-community",
        "repo": "home-manager",
        "type": "github"
      }
    },
    "niri-flake": {
      "inputs": {
        "niri-stable": "niri-stable",
        "niri-unstable": "niri-unstable",
        "nixpkgs": [
          "nixpkgs"
        ],
        "nixpkgs-stable": "nixpkgs-stable",
        "xwayland-satellite-stable": "xwayland-satellite-stable",
        "xwayland-satellite-unstable": "xwayland-satellite-unstable"
      },
      "locked": {
        "lastModified": 1764563982,
        "narHash": "sha256-6pB9TEo5++jkowiajprT6kqDuEYlGrvyIjTc86hZn2M=",
        "owner": "sodiboo",
        "repo": "niri-flake",
        "rev": "9b1ac5828fc04bd7b07f147f26908eeaebb31ca7",
        "type": "github"
      },
      "original": {
        "owner": "sodiboo",
        "repo": "niri-flake",
        "type": "github"
      }
    },
    "niri-stable": {
      "flake": false,
      "locked": {
        "lastModified": 1756556321,
        "narHash": "sha256-RLD89dfjN0RVO86C/Mot0T7aduCygPGaYbog566F0Qo=",
        "owner": "YaLTeR",
        "repo": "niri",
        "rev": "01be0e65f4eb91a9cd624ac0b76aaeab765c7294",
        "type": "github"
      },
      "original": {
        "owner": "YaLTeR",
        "ref": "v25.08",
        "repo": "niri",
        "type": "github"
      }
    },
    "niri-unstable": {
      "flake": false,
      "locked": {
        "lastModified": 1764485473,
        "narHash": "sha256-RlGEcuZFB/IdvYLrYsf0RpgvNtCMyIuBLt3lS+GZvP8=",
        "owner": "YaLTeR",
        "repo": "niri",
        "rev": "311ca6b5da19f5acd7d3e481620de57240ce8f7c",
        "type": "github"
      },
      "original": {
        "owner": "YaLTeR",
        "repo": "niri",
        "type": "github"
      }
    },
    "nix-formatter-pack": {
      "inputs": {
        "nixpkgs": [
          "nix-on-droid",
          "nixpkgs"
        ],
        "nmd": [
          "nix-on-droid",
          "nmd"
        ],
        "nmt": "nmt"
      },
      "locked": {
        "lastModified": 1705252799,
        "narHash": "sha256-HgSTREh7VoXjGgNDwKQUYcYo13rPkltW7IitHrTPA5c=",
        "owner": "Gerschtli",
        "repo": "nix-formatter-pack",
        "rev": "2de39dedd79aab14c01b9e2934842051a160ffa5",
        "type": "github"
      },
      "original": {
        "owner": "Gerschtli",
        "repo": "nix-formatter-pack",
        "type": "github"
      }
    },
    "nix-gaming": {
      "inputs": {
        "flake-parts": "flake-parts_2",
        "nixpkgs": "nixpkgs"
      },
      "locked": {
        "lastModified": 1763949820,
        "narHash": "sha256-nN+Ebv2czqqMFIpH1/VfrjoaHzZTxTE/diuLhw1HqPQ=",
        "owner": "fufexan",
        "repo": "nix-gaming",
        "rev": "faa39649d0ad7e11bfcb7887ccda478515e489e8",
        "type": "github"
      },
      "original": {
        "owner": "fufexan",
        "repo": "nix-gaming",
        "rev": "faa39649d0ad7e11bfcb7887ccda478515e489e8",
        "type": "github"
      }
    },
    "nix-index-database": {
      "inputs": {
        "nixpkgs": [
          "nixpkgs"
        ]
      },
      "locked": {
        "lastModified": 1764475780,
        "narHash": "sha256-77jL5H5x51ksLiOUDjY0ZK8e2T4ZXLhj3ap8ETvknWI=",
        "owner": "nix-community",
        "repo": "nix-index-database",
        "rev": "5a3ff8c1a09003f399f43d5742d893c0b1ab8af0",
        "type": "github"
      },
      "original": {
        "owner": "nix-community",
        "repo": "nix-index-database",
        "type": "github"
      }
    },
    "nix-ld": {
      "inputs": {
        "nixpkgs": [
          "nixpkgs"
        ]
      },
      "locked": {
        "lastModified": 1763973343,
        "narHash": "sha256-VltuxbdEwpxrqdaKJCQoZj7M+m8B6oaYEh6/nNqKG/w=",
        "owner": "Mic92",
        "repo": "nix-ld",
        "rev": "ca567ee02ee26c773f7be30094a83a3bbd1bf63c",
        "type": "github"
      },
      "original": {
        "owner": "Mic92",
        "repo": "nix-ld",
        "type": "github"
      }
    },
    "nix-on-droid": {
      "inputs": {
        "home-manager": [
          "home-manager"
        ],
        "nix-formatter-pack": "nix-formatter-pack",
        "nixpkgs": [
          "nixpkgs"
        ],
        "nixpkgs-docs": "nixpkgs-docs",
        "nixpkgs-for-bootstrap": "nixpkgs-for-bootstrap",
        "nmd": "nmd"
      },
      "locked": {
        "lastModified": 1760773689,
        "narHash": "sha256-TaRP+sx4EiqBcfdKVYKT+RbrRHioJF+HUmiaUaHj5I8=",
        "owner": "nix-community",
        "repo": "nix-on-droid",
        "rev": "1c306c07b3e99ab79b967ead32f9af7b8672a7ef",
        "type": "github"
      },
      "original": {
        "owner": "nix-community",
        "ref": "master",
        "repo": "nix-on-droid",
        "type": "github"
      }
    },
    "nixos-wsl": {
      "inputs": {
        "flake-compat": "flake-compat_2",
        "nixpkgs": [
          "nixpkgs"
        ]
      },
      "locked": {
        "lastModified": 1764072830,
        "narHash": "sha256-ezkjlUCohD9o9c47Ey0/I4CamSS0QEORTqGvyGqMud0=",
        "owner": "nix-community",
        "repo": "NixOS-WSL",
        "rev": "c7832dd786175e20f2697179e0e03efadffe4201",
        "type": "github"
      },
      "original": {
        "owner": "nix-community",
        "ref": "main",
        "repo": "NixOS-WSL",
        "type": "github"
      }
    },
    "nixpkgs": {
      "locked": {
        "lastModified": 1763618868,
        "narHash": "sha256-v5afmLjn/uyD9EQuPBn7nZuaZVV9r+JerayK/4wvdWA=",
        "owner": "NixOS",
        "repo": "nixpkgs",
        "rev": "a8d610af3f1a5fb71e23e08434d8d61a466fc942",
        "type": "github"
      },
      "original": {
        "owner": "NixOS",
        "ref": "nixpkgs-unstable",
        "repo": "nixpkgs",
        "type": "github"
      }
    },
    "nixpkgs-docs": {
      "locked": {
        "lastModified": 1705957679,
        "narHash": "sha256-Q8LJaVZGJ9wo33wBafvZSzapYsjOaNjP/pOnSiKVGHY=",
        "owner": "NixOS",
        "repo": "nixpkgs",
        "rev": "9a333eaa80901efe01df07eade2c16d183761fa3",
        "type": "github"
      },
      "original": {
        "owner": "NixOS",
        "ref": "release-23.05",
        "repo": "nixpkgs",
        "type": "github"
      }
    },
    "nixpkgs-for-bootstrap": {
      "locked": {
        "lastModified": 1720244366,
        "narHash": "sha256-WrDV0FPMVd2Sq9hkR5LNHudS3OSMmUrs90JUTN+MXpA=",
        "owner": "NixOS",
        "repo": "nixpkgs",
        "rev": "49ee0e94463abada1de470c9c07bfc12b36dcf40",
        "type": "github"
      },
      "original": {
        "owner": "NixOS",
        "repo": "nixpkgs",
        "rev": "49ee0e94463abada1de470c9c07bfc12b36dcf40",
        "type": "github"
      }
    },
    "nixpkgs-lib": {
      "locked": {
        "lastModified": 1761765539,
        "narHash": "sha256-b0yj6kfvO8ApcSE+QmA6mUfu8IYG6/uU28OFn4PaC8M=",
        "owner": "nix-community",
        "repo": "nixpkgs.lib",
        "rev": "719359f4562934ae99f5443f20aa06c2ffff91fc",
        "type": "github"
      },
      "original": {
        "owner": "nix-community",
        "repo": "nixpkgs.lib",
        "type": "github"
      }
    },
    "nixpkgs-lib_2": {
      "locked": {
        "lastModified": 1761765539,
        "narHash": "sha256-b0yj6kfvO8ApcSE+QmA6mUfu8IYG6/uU28OFn4PaC8M=",
        "owner": "nix-community",
        "repo": "nixpkgs.lib",
        "rev": "719359f4562934ae99f5443f20aa06c2ffff91fc",
        "type": "github"
      },
      "original": {
        "owner": "nix-community",
        "repo": "nixpkgs.lib",
        "type": "github"
      }
    },
    "nixpkgs-lib_3": {
      "locked": {
        "lastModified": 1761765539,
        "narHash": "sha256-b0yj6kfvO8ApcSE+QmA6mUfu8IYG6/uU28OFn4PaC8M=",
        "owner": "nix-community",
        "repo": "nixpkgs.lib",
        "rev": "719359f4562934ae99f5443f20aa06c2ffff91fc",
        "type": "github"
      },
      "original": {
        "owner": "nix-community",
        "repo": "nixpkgs.lib",
        "type": "github"
      }
    },
    "nixpkgs-master": {
      "locked": {
        "lastModified": 1764571285,
        "narHash": "sha256-H3usrxAUeO+9nIBsF/m1tg2yHZVRKhj4jtyeEYF4ot0=",
        "owner": "NixOS",
        "repo": "nixpkgs",
        "rev": "fc2278798b0251ef1a2f47e24eca2fca48581837",
        "type": "github"
      },
      "original": {
        "owner": "NixOS",
        "ref": "master",
        "repo": "nixpkgs",
        "type": "github"
      }
    },
    "nixpkgs-stable": {
      "locked": {
        "lastModified": 1764316264,
        "narHash": "sha256-82L+EJU+40+FIdeG4gmUlOF1jeSwlf2AwMarrpdHF6o=",
        "owner": "NixOS",
        "repo": "nixpkgs",
        "rev": "9a7b80b6f82a71ea04270d7ba11b48855681c4b0",
        "type": "github"
      },
      "original": {
        "owner": "NixOS",
        "ref": "nixos-25.05",
        "repo": "nixpkgs",
        "type": "github"
      }
    },
    "nixpkgs_2": {
      "locked": {
        "lastModified": 1764517877,
        "narHash": "sha256-pp3uT4hHijIC8JUK5MEqeAWmParJrgBVzHLNfJDZxg4=",
        "owner": "NixOS",
        "repo": "nixpkgs",
        "rev": "2d293cbfa5a793b4c50d17c05ef9e385b90edf6c",
        "type": "github"
      },
      "original": {
        "owner": "NixOS",
        "ref": "nixos-unstable",
        "repo": "nixpkgs",
        "type": "github"
      }
    },
    "nmd": {
      "inputs": {
        "nixpkgs": [
          "nix-on-droid",
          "nixpkgs-docs"
        ],
        "scss-reset": "scss-reset"
      },
      "locked": {
        "lastModified": 1705050560,
        "narHash": "sha256-x3zzcdvhJpodsmdjqB4t5mkVW22V3wqHLOun0KRBzUI=",
        "owner": "~rycee",
        "repo": "nmd",
        "rev": "66d9334933119c36f91a78d565c152a4fdc8d3d3",
        "type": "sourcehut"
      },
      "original": {
        "owner": "~rycee",
        "repo": "nmd",
        "type": "sourcehut"
      }
    },
    "nmt": {
      "flake": false,
      "locked": {
        "lastModified": 1648075362,
        "narHash": "sha256-u36WgzoA84dMVsGXzml4wZ5ckGgfnvS0ryzo/3zn/Pc=",
        "owner": "rycee",
        "repo": "nmt",
        "rev": "d83601002c99b78c89ea80e5e6ba21addcfe12ae",
        "type": "gitlab"
      },
      "original": {
        "owner": "rycee",
        "repo": "nmt",
        "type": "gitlab"
      }
    },
    "noctalia": {
      "inputs": {
        "nixpkgs": [
          "nixpkgs"
        ]
      },
      "locked": {
        "lastModified": 1764531698,
        "narHash": "sha256-PCcdlDHap2rHgfAg4BLZxqQCwOsi7rAUkxyBEAtXwPM=",
        "owner": "noctalia-dev",
        "repo": "noctalia-shell",
        "rev": "85fca41c5006362e9fb184eee97b5199c0e323a0",
        "type": "github"
      },
      "original": {
        "owner": "noctalia-dev",
        "repo": "noctalia-shell",
        "type": "github"
      }
    },
    "pre-commit-hooks": {
      "inputs": {
        "flake-compat": "flake-compat_3",
        "gitignore": "gitignore",
        "nixpkgs": [
          "vaultix",
          "nixpkgs"
        ]
      },
      "locked": {
        "lastModified": 1760663237,
        "narHash": "sha256-BflA6U4AM1bzuRMR8QqzPXqh8sWVCNDzOdsxXEguJIc=",
        "owner": "cachix",
        "repo": "pre-commit-hooks.nix",
        "rev": "ca5b894d3e3e151ffc1db040b6ce4dcc75d31c37",
        "type": "github"
      },
      "original": {
        "owner": "cachix",
        "repo": "pre-commit-hooks.nix",
        "type": "github"
      }
    },
    "pyproject-build-systems": {
      "inputs": {
        "nixpkgs": [
          "nixpkgs"
        ],
        "pyproject-nix": [
          "pyproject-nix"
        ],
        "uv2nix": [
          "uv2nix"
        ]
      },
      "locked": {
        "lastModified": 1763662255,
        "narHash": "sha256-4bocaOyLa3AfiS8KrWjZQYu+IAta05u3gYZzZ6zXbT0=",
        "owner": "pyproject-nix",
        "repo": "build-system-pkgs",
        "rev": "042904167604c681a090c07eb6967b4dd4dae88c",
        "type": "github"
      },
      "original": {
        "owner": "pyproject-nix",
        "repo": "build-system-pkgs",
        "type": "github"
      }
    },
    "pyproject-nix": {
      "inputs": {
        "nixpkgs": [
          "nixpkgs"
        ]
      },
      "locked": {
        "lastModified": 1764134915,
        "narHash": "sha256-xaKvtPx6YAnA3HQVp5LwyYG1MaN4LLehpQI8xEdBvBY=",
        "owner": "pyproject-nix",
        "repo": "pyproject.nix",
        "rev": "2c8df1383b32e5443c921f61224b198a2282a657",
        "type": "github"
      },
      "original": {
        "owner": "pyproject-nix",
        "repo": "pyproject.nix",
        "type": "github"
      }
    },
    "quickshell": {
      "inputs": {
        "nixpkgs": [
          "nixpkgs"
        ]
      },
      "locked": {
        "lastModified": 1764482797,
        "narHash": "sha256-ynV90KoBrPe38YFlKAHtPFk4Ee3IANUsIFGxRaq7H/s=",
        "owner": "quickshell-mirror",
        "repo": "quickshell",
        "rev": "d24e8e9736287d01ee73ef9d573d2bc316a62d5c",
        "type": "github"
      },
      "original": {
        "owner": "quickshell-mirror",
        "repo": "quickshell",
        "type": "github"
      }
    },
    "root": {
      "inputs": {
        "crane": "crane",
        "deploy-rs": "deploy-rs",
        "flake-parts": "flake-parts",
        "home-manager": "home-manager",
        "niri-flake": "niri-flake",
        "nix-gaming": "nix-gaming",
        "nix-index-database": "nix-index-database",
        "nix-ld": "nix-ld",
        "nix-on-droid": "nix-on-droid",
        "nixos-wsl": "nixos-wsl",
        "nixpkgs": "nixpkgs_2",
        "nixpkgs-master": "nixpkgs-master",
        "noctalia": "noctalia",
        "pyproject-build-systems": "pyproject-build-systems",
        "pyproject-nix": "pyproject-nix",
        "quickshell": "quickshell",
        "rust-overlay": "rust-overlay",
        "steamux": "steamux",
        "uv2nix": "uv2nix",
        "vaultix": "vaultix",
        "vicinae": "vicinae"
      }
    },
    "rust-overlay": {
      "inputs": {
        "nixpkgs": [
          "nixpkgs"
        ]
      },
      "locked": {
        "lastModified": 1764557621,
        "narHash": "sha256-kX5PoY8hQZ80+amMQgOO9t8Tc1JZ70gYRnzaVD4AA+o=",
        "owner": "oxalica",
        "repo": "rust-overlay",
        "rev": "93316876c2229460a5d6f5f052766cc4cef538ce",
        "type": "github"
      },
      "original": {
        "owner": "oxalica",
        "repo": "rust-overlay",
        "type": "github"
      }
    },
    "scss-reset": {
      "flake": false,
      "locked": {
        "lastModified": 1631450058,
        "narHash": "sha256-muDlZJPtXDIGevSEWkicPP0HQ6VtucbkMNygpGlBEUM=",
        "owner": "andreymatin",
        "repo": "scss-reset",
        "rev": "0cf50e27a4e95e9bb5b1715eedf9c54dee1a5a91",
        "type": "github"
      },
      "original": {
        "owner": "andreymatin",
        "repo": "scss-reset",
        "type": "github"
      }
    },
    "steamux": {
      "inputs": {
        "crane": [
          "crane"
        ],
        "flake-parts": "flake-parts_3",
        "nixpkgs": [
          "nixpkgs"
        ],
        "rust-overlay": [
          "rust-overlay"
        ]
      },
      "locked": {
        "lastModified": 1763110823,
        "narHash": "sha256-zXpEyHhczsPqbm2qG4frIpn++fjc1HVr9HKNx4dAUeE=",
        "owner": "idkidknow",
        "repo": "steamux",
        "rev": "2f5e7d0bdcff290f72d5055b6abe5dcd6489362b",
        "type": "github"
      },
      "original": {
        "owner": "idkidknow",
        "repo": "steamux",
        "type": "github"
      }
    },
    "systems": {
      "locked": {
        "lastModified": 1681028828,
        "narHash": "sha256-Vy1rq5AaRuLzOxct8nz4T6wlgyUR7zLU309k9mBC768=",
        "owner": "nix-systems",
        "repo": "default",
        "rev": "da67096a3b9bf56a91d16901293e51ba5b49a27e",
        "type": "github"
      },
      "original": {
        "owner": "nix-systems",
        "repo": "default",
        "type": "github"
      }
    },
    "systems_2": {
      "locked": {
        "lastModified": 1681028828,
        "narHash": "sha256-Vy1rq5AaRuLzOxct8nz4T6wlgyUR7zLU309k9mBC768=",
        "owner": "nix-systems",
        "repo": "default",
        "rev": "da67096a3b9bf56a91d16901293e51ba5b49a27e",
        "type": "github"
      },
      "original": {
        "owner": "nix-systems",
        "repo": "default",
        "type": "github"
      }
    },
    "utils": {
      "inputs": {
        "systems": "systems"
      },
      "locked": {
        "lastModified": 1731533236,
        "narHash": "sha256-l0KFg5HjrsfsO/JpG+r7fRrqm12kzFHyUHqHCVpMMbI=",
        "owner": "numtide",
        "repo": "flake-utils",
        "rev": "11707dc2f618dd54ca8739b309ec4fc024de578b",
        "type": "github"
      },
      "original": {
        "owner": "numtide",
        "repo": "flake-utils",
        "type": "github"
      }
    },
    "uv2nix": {
      "inputs": {
        "nixpkgs": [
          "nixpkgs"
        ],
        "pyproject-nix": [
          "pyproject-nix"
        ]
      },
      "locked": {
        "lastModified": 1764546642,
        "narHash": "sha256-pCzgOjGEZyH7xKmpckdJzWyO0kvTIlaTK+ed/wguv5Y=",
        "owner": "pyproject-nix",
        "repo": "uv2nix",
        "rev": "0c56de7543459a23d0ebb7977fd555ced5d842ae",
        "type": "github"
      },
      "original": {
        "owner": "pyproject-nix",
        "repo": "uv2nix",
        "type": "github"
      }
    },
    "vaultix": {
      "inputs": {
        "crane": [
          "crane"
        ],
        "flake-parts": "flake-parts_4",
        "nixpkgs": [
          "nixpkgs"
        ],
        "pre-commit-hooks": "pre-commit-hooks",
        "rust-overlay": [
          "rust-overlay"
        ]
      },
      "locked": {
        "lastModified": 1762250779,
        "narHash": "sha256-Y/jC24atbjIWoIe+qvMIURanjlSIPZOla+MWWgrCKMk=",
        "owner": "milieuim",
        "repo": "vaultix",
        "rev": "54112b74eca6d5aafe8e14ae37e808bfeb91df40",
        "type": "github"
      },
      "original": {
        "owner": "milieuim",
        "repo": "vaultix",
        "type": "github"
      }
    },
    "vicinae": {
      "inputs": {
        "nixpkgs": [
          "nixpkgs"
        ],
        "systems": "systems_2"
      },
      "locked": {
        "lastModified": 1763934927,
        "narHash": "sha256-orsv0YJ6e6Sm6/ft56spin/npDf2xXKls1B7HauJ4dk=",
        "owner": "vicinaehq",
        "repo": "vicinae",
        "rev": "63304cee4a967f30eeca7d875f6c9a8ff4454050",
        "type": "github"
      },
      "original": {
        "owner": "vicinaehq",
        "repo": "vicinae",
        "type": "github"
      }
    },
    "xwayland-satellite-stable": {
      "flake": false,
      "locked": {
        "lastModified": 1755491097,
        "narHash": "sha256-m+9tUfsmBeF2Gn4HWa6vSITZ4Gz1eA1F5Kh62B0N4oE=",
        "owner": "Supreeeme",
        "repo": "xwayland-satellite",
        "rev": "388d291e82ffbc73be18169d39470f340707edaa",
        "type": "github"
      },
      "original": {
        "owner": "Supreeeme",
        "ref": "v0.7",
        "repo": "xwayland-satellite",
        "type": "github"
      }
    },
    "xwayland-satellite-unstable": {
      "flake": false,
      "locked": {
        "lastModified": 1764560400,
        "narHash": "sha256-Qz1WvGdawnoz4dG3JtCtlParmdQHM5xu6osnXeVOqYI=",
        "owner": "Supreeeme",
        "repo": "xwayland-satellite",
        "rev": "9a71e77b1e06dbad4a472265e59b52ac83cbe00c",
        "type": "github"
      },
      "original": {
        "owner": "Supreeeme",
        "repo": "xwayland-satellite",
        "type": "github"
      }
    }
  },
  "root": "root",
  "version": 7
}
